// !$*UTF8*$!
{
	archiveVersion = 1;
	classes = {
	};
	objectVersion = 46;
	objects = {

/* Begin PBXBuildFile section */
		0A4D6F4C1D2E67DB0042F48A /* main.m in Sources */ = {isa = PBXBuildFile; fileRef = 0A4D6F4B1D2E67DB0042F48A /* main.m */; };
		0A4D6F541D2E68080042F48A /* Harmonic.m in Sources */ = {isa = PBXBuildFile; fileRef = 0A4D6F531D2E68080042F48A /* Harmonic.m */; };
/* End PBXBuildFile section */

/* Begin PBXCopyFilesBuildPhase section */
		0A4D6F461D2E67DB0042F48A /* CopyFiles */ = {
			isa = PBXCopyFilesBuildPhase;
			buildActionMask = 2147483647;
			dstPath = /usr/share/man/man1/;
			dstSubfolderSpec = 0;
			files = (
			);
			runOnlyForDeploymentPostprocessing = 1;
		};
/* End PBXCopyFilesBuildPhase section */

/* Begin PBXFileReference section */
		0A4D6F481D2E67DB0042F48A /* Harmonic */ = {isa = PBXFileReference; explicitFileType = "compiled.mach-o.executable"; includeInIndex = 0; path = Harmonic; sourceTree = BUILT_PRODUCTS_DIR; };
		0A4D6F4B1D2E67DB0042F48A /* main.m */ = {isa = PBXFileReference; lastKnownFileType = sourcecode.c.objc; path = main.m; sourceTree = "<group>"; };
		0A4D6F521D2E68080042F48A /* Harmonic.h */ = {isa = PBXFileReference; fileEncoding = 4; lastKnownFileType = sourcecode.c.h; path = Harmonic.h; sourceTree = "<group>"; };
		0A4D6F531D2E68080042F48A /* Harmonic.m */ = {isa = PBXFileReference; fileEncoding = 4; lastKnownFileType = sourcecode.c.objc; path = Harmonic.m; sourceTree = "<group>"; };
/* End PBXFileReference section */

/* Begin PBXFrameworksBuildPhase section */
		0A4D6F451D2E67DB0042F48A /* Frameworks */ = {
			isa = PBXFrameworksBuildPhase;
			buildActionMask = 2147483647;
			files = (
			);
			runOnlyForDeploymentPostprocessing = 0;
		};
/* End PBXFrameworksBuildPhase section */

/* Begin PBXGroup section */
		0A4D6F3F1D2E67DB0042F48A = {
			isa = PBXGroup;
			children = (
				0A4D6F4A1D2E67DB0042F48A /* Harmonic */,
				0A4D6F491D2E67DB0042F48A /* Products */,
			);
			sourceTree = "<group>";
		};
		0A4D6F491D2E67DB0042F48A /* Products */ = {
			isa = PBXGroup;
			children = (
				0A4D6F481D2E67DB0042F48A /* Harmonic */,
			);
			name = Products;
			sourceTree = "<group>";
		};
		0A4D6F4A1D2E67DB0042F48A /* Harmonic */ = {
			isa = PBXGroup;
			children = (
				0A4D6F4B1D2E67DB0042F48A /* main.m */,
				0A4D6F521D2E68080042F48A /* Harmonic.h */,
				0A4D6F531D2E68080042F48A /* Harmonic.m */,
			);
			path = Harmonic;
			sourceTree = "<group>";
		};
/* End PBXGroup section */

/* Begin PBXNativeTarget section */
		0A4D6F471D2E67DB0042F48A /* Harmonic */ = {
			isa = PBXNativeTarget;
			buildConfigurationList = 0A4D6F4F1D2E67DB0042F48A /* Build configuration list for PBXNativeTarget "Harmonic" */;
			buildPhases = (
				0A4D6F441D2E67DB0042F48A /* Sources */,
				0A4D6F451D2E67DB0042F48A /* Frameworks */,
				0A4D6F461D2E67DB0042F48A /* CopyFiles */,
			);
			buildRules = (
			);
			dependencies = (
			);
			name = Harmonic;
			productName = Harmonic;
			productReference = 0A4D6F481D2E67DB0042F48A /* Harmonic */;
			productType = "com.apple.product-type.tool";
		};
/* End PBXNativeTarget section */

/* Begin PBXProject section */
		0A4D6F401D2E67DB0042F48A /* Project object */ = {
			isa = PBXProject;
			attributes = {
				LastUpgradeCheck = 0720;
				ORGANIZATIONNAME = com.bridgeLabz;
				TargetAttributes = {
					0A4D6F471D2E67DB0042F48A = {
						CreatedOnToolsVersion = 7.2;
					};
				};
			};
			buildConfigurationList = 0A4D6F431D2E67DB0042F48A /* Build configuration list for PBXProject "Harmonic" */;
			compatibilityVersion = "Xcode 3.2";
			developmentRegion = English;
			hasScannedForEncodings = 0;
			knownRegions = (
				en,
			);
			mainGroup = 0A4D6F3F1D2E67DB0042F48A;
			productRefGroup = 0A4D6F491D2E67DB0042F48A /* Products */;
			projectDirPath = "";
			projectRoot = "";
			targets = (
				0A4D6F471D2E67DB0042F48A /* Harmonic */,
			);
		};
/* End PBXProject section */

/* Begin PBXSourcesBuildPhase section */
		0A4D6F441D2E67DB0042F48A /* Sources */ = {
			isa = PBXSourcesBuildPhase;
			buildActionMask = 2147483647;
			files = (
				0A4D6F541D2E68080042F48A /* Harmonic.m in Sources */,
				0A4D6F4C1D2E67DB0042F48A /* main.m in Sources */,
			);
			runOnlyForDeploymentPostprocessing = 0;
		};
/* End PBXSourcesBuildPhase section */

/* Begin XCBuildConfiguration section */
		0A4D6F4D1D2E67DB0042F48A /* Debug */ = {
			isa = XCBuildConfiguration;
			buildSettings = {
				ALWAYS_SEARCH_USER_PATHS = NO;
				CLANG_CXX_LANGUAGE_STANDARD = "gnu++0x";
				CLANG_CXX_LIBRARY = "libc++";
				CLANG_ENABLE_MODULES = YES;
				CLANG_ENABLE_OBJC_ARC = YES;
				CLANG_WARN_BOOL_CONVERSION = YES;
				CLANG_WARN_CONSTANT_CONVERSION = YES;
				CLANG_WARN_DIRECT_OBJC_ISA_USAGE = YES_ERROR;
				CLANG_WARN_EMPTY_BODY = YES;
				CLANG_WARN_ENUM_CONVERSION = YES;
				CLANG_WARN_INT_CONVERSION = YES;
				CLANG_WARN_OBJC_ROOT_CLASS = YES_ERROR;
				CLANG_WARN_UNREACHABLE_CODE = YES;
				CLANG_WARN__DUPLICATE_METHOD_MATCH = YES;
				CODE_SIGN_IDENTITY = "-";
				COPY_PHASE_STRIP = NO;
				DEBUG_INFORMATION_FORMAT = dwarf;
				ENABLE_STRICT_OBJC_MSGSEND = YES;
				ENABLE_TESTABILITY = YES;
				GCC_C_LANGUAGE_STANDARD = gnu99;
				GCC_DYNAMIC_NO_PIC = NO;
				GCC_NO_COMMON_BLOCKS = YES;
				GCC_OPTIMIZATION_LEVEL = 0;
				GCC_PREPROCESSOR_DEFINITIONS = (
					"DEBUG=1",
					"$(inherited)",
				);
				GCC_WARN_64_TO_32_BIT_CONVERSION = YES;
				GCC_WARN_ABOUT_RETURN_TYPE = YES_ERROR;
				GCC_WARN_UNDECLARED_SELECTOR = YES;
				GCC_WARN_UNINITIALIZED_AUTOS = YES_AGGRESSIVE;
				GCC_WARN_UNUSED_FUNCTION = YES;
				GCC_WARN_UNUSED_VARIABLE = YES;
				MACOSX_DEPLOYMENT_TARGET = 10.11;
				MTL_ENABLE_DEBUG_INFO = YES;
				ONLY_ACTIVE_ARCH = YES;
				SDKROOT = macosx;
			};
			name = Debug;
		};
		0A4D6F4E1D2E67DB0042F48A /* Release */ = {
			isa = XCBuildConfiguration;
			buildSettings = {
				ALWAYS_SEARCH_USER_PATHS = NO;
				CLANG_CXX_LANGUAGE_STANDARD = "gnu++0x";
				CLANG_CXX_LIBRARY = "libc++";
				CLANG_ENABLE_MODULES = YES;
				CLANG_ENABLE_OBJC_ARC = YES;
				CLANG_WARN_BOOL_CONVERSION = YES;
				CLANG_WARN_CONSTANT_CONVERSION = YES;
				CLANG_WARN_DIRECT_OBJC_ISA_USAGE = YES_ERROR;
				CLANG_WARN_EMPTY_BODY = YES;
				CLANG_WARN_ENUM_CONVERSION = YES;
				CLANG_WARN_INT_CONVERSION = YES;
				CLANG_WARN_OBJC_ROOT_CLASS = YES_ERROR;
				CLANG_WARN_UNREACHABLE_CODE = YES;
				CLANG_WARN__DUPLICATE_METHOD_MATCH = YES;
				CODE_SIGN_IDENTITY = "-";
				COPY_PHASE_STRIP = NO;
				DEBUG_INFORMATION_FORMAT = "dwarf-with-dsym";
				ENABLE_NS_ASSERTIONS = NO;
				ENABLE_STRICT_OBJC_MSGSEND = YES;
				GCC_C_LANGUAGE_STANDARD = gnu99;
				GCC_NO_COMMON_BLOCKS = YES;
				GCC_WARN_64_TO_32_BIT_CONVERSION = YES;
				GCC_WARN_ABOUT_RETURN_TYPE = YES_ERROR;
				GCC_WARN_UNDECLARED_SELECTOR = YES;
				GCC_WARN_UNINITIALIZED_AUTOS = YES_AGGRESSIVE;
				GCC_WARN_UNUSED_FUNCTION = YES;
				GCC_WARN_UNUSED_VARIABLE = YES;
				MACOSX_DEPLOYMENT_TARGET = 10.11;
				MTL_ENABLE_DEBUG_INFO = NO;
				SDKROOT = macosx;
			};
			name = Release;
		};
		0A4D6F501D2E67DB0042F48A /* Debug */ = {
			isa = XCBuildConfiguration;
			buildSettings = {
				PRODUCT_NAME = "$(TARGET_NAME)";
			};
			name = Debug;
		};
		0A4D6F511D2E67DB0042F48A /* Release */ = {
			isa = XCBuildConfiguration;
			buildSettings = {
				PRODUCT_NAME = "$(TARGET_NAME)";
			};
			name = Release;
		};
/* End XCBuildConfiguration section */

/* Begin XCConfigurationList section */
		0A4D6F431D2E67DB0042F48A /* Build configuration list for PBXProject "Harmonic" */ = {
			isa = XCConfigurationList;
			buildConfigurations = (
				0A4D6F4D1D2E67DB0042F48A /* Debug */,
				0A4D6F4E1D2E67DB0042F48A /* Release */,
			);
			defaultConfigurationIsVisible = 0;
			defaultConfigurationName = Release;
		};
		0A4D6F4F1D2E67DB0042F48A /* Build configuration list for PBXNativeTarget "Harmonic" */ = {
			isa = XCConfigurationList;
			buildConfigurations = (
				0A4D6F501D2E67DB0042F48A /* Debug */,
				0A4D6F511D2E67DB0042F48A /* Release */,
			);
			defaultConfigurationIsVisible = 0;
		};
/* End XCConfigurationList section */
	};
	rootObject = 0A4D6F401D2E67DB0042F48A /* Project object */;
}
