// !$*UTF8*$!
{
	archiveVersion = 1;
	classes = {
	};
	objectVersion = 46;
	objects = {

/* Begin PBXBuildFile section */
		0A3CB1B61D30B80600B608AC /* main.m in Sources */ = {isa = PBXBuildFile; fileRef = 0A3CB1B51D30B80600B608AC /* main.m */; };
		0A3CB1BE1D30B90200B608AC /* Bubblesort.m in Sources */ = {isa = PBXBuildFile; fileRef = 0A3CB1BD1D30B90200B608AC /* Bubblesort.m */; };
/* End PBXBuildFile section */

/* Begin PBXCopyFilesBuildPhase section */
		0A3CB1B01D30B80600B608AC /* CopyFiles */ = {
			isa = PBXCopyFilesBuildPhase;
			buildActionMask = 2147483647;
			dstPath = /usr/share/man/man1/;
			dstSubfolderSpec = 0;
			files = (
			);
			runOnlyForDeploymentPostprocessing = 1;
		};
/* End PBXCopyFilesBuildPhase section */

/* Begin PBXFileReference section */
		0A3CB1B21D30B80600B608AC /* Bubblesort */ = {isa = PBXFileReference; explicitFileType = "compiled.mach-o.executable"; includeInIndex = 0; path = Bubblesort; sourceTree = BUILT_PRODUCTS_DIR; };
		0A3CB1B51D30B80600B608AC /* main.m */ = {isa = PBXFileReference; lastKnownFileType = sourcecode.c.objc; path = main.m; sourceTree = "<group>"; };
		0A3CB1BC1D30B90200B608AC /* Bubblesort.h */ = {isa = PBXFileReference; fileEncoding = 4; lastKnownFileType = sourcecode.c.h; path = Bubblesort.h; sourceTree = "<group>"; };
		0A3CB1BD1D30B90200B608AC /* Bubblesort.m */ = {isa = PBXFileReference; fileEncoding = 4; lastKnownFileType = sourcecode.c.objc; path = Bubblesort.m; sourceTree = "<group>"; };
/* End PBXFileReference section */

/* Begin PBXFrameworksBuildPhase section */
		0A3CB1AF1D30B80600B608AC /* Frameworks */ = {
			isa = PBXFrameworksBuildPhase;
			buildActionMask = 2147483647;
			files = (
			);
			runOnlyForDeploymentPostprocessing = 0;
		};
/* End PBXFrameworksBuildPhase section */

/* Begin PBXGroup section */
		0A3CB1A91D30B80600B608AC = {
			isa = PBXGroup;
			children = (
				0A3CB1B41D30B80600B608AC /* Bubblesort */,
				0A3CB1B31D30B80600B608AC /* Products */,
			);
			sourceTree = "<group>";
		};
		0A3CB1B31D30B80600B608AC /* Products */ = {
			isa = PBXGroup;
			children = (
				0A3CB1B21D30B80600B608AC /* Bubblesort */,
			);
			name = Products;
			sourceTree = "<group>";
		};
		0A3CB1B41D30B80600B608AC /* Bubblesort */ = {
			isa = PBXGroup;
			children = (
				0A3CB1B51D30B80600B608AC /* main.m */,
				0A3CB1BC1D30B90200B608AC /* Bubblesort.h */,
				0A3CB1BD1D30B90200B608AC /* Bubblesort.m */,
			);
			path = Bubblesort;
			sourceTree = "<group>";
		};
/* End PBXGroup section */

/* Begin PBXNativeTarget section */
		0A3CB1B11D30B80600B608AC /* Bubblesort */ = {
			isa = PBXNativeTarget;
			buildConfigurationList = 0A3CB1B91D30B80600B608AC /* Build configuration list for PBXNativeTarget "Bubblesort" */;
			buildPhases = (
				0A3CB1AE1D30B80600B608AC /* Sources */,
				0A3CB1AF1D30B80600B608AC /* Frameworks */,
				0A3CB1B01D30B80600B608AC /* CopyFiles */,
			);
			buildRules = (
			);
			dependencies = (
			);
			name = Bubblesort;
			productName = Bubblesort;
			productReference = 0A3CB1B21D30B80600B608AC /* Bubblesort */;
			productType = "com.apple.product-type.tool";
		};
/* End PBXNativeTarget section */

/* Begin PBXProject section */
		0A3CB1AA1D30B80600B608AC /* Project object */ = {
			isa = PBXProject;
			attributes = {
				LastUpgradeCheck = 0720;
				ORGANIZATIONNAME = com.bridgeLabz;
				TargetAttributes = {
					0A3CB1B11D30B80600B608AC = {
						CreatedOnToolsVersion = 7.2;
					};
				};
			};
			buildConfigurationList = 0A3CB1AD1D30B80600B608AC /* Build configuration list for PBXProject "Bubblesort" */;
			compatibilityVersion = "Xcode 3.2";
			developmentRegion = English;
			hasScannedForEncodings = 0;
			knownRegions = (
				en,
			);
			mainGroup = 0A3CB1A91D30B80600B608AC;
			productRefGroup = 0A3CB1B31D30B80600B608AC /* Products */;
			projectDirPath = "";
			projectRoot = "";
			targets = (
				0A3CB1B11D30B80600B608AC /* Bubblesort */,
			);
		};
/* End PBXProject section */

/* Begin PBXSourcesBuildPhase section */
		0A3CB1AE1D30B80600B608AC /* Sources */ = {
			isa = PBXSourcesBuildPhase;
			buildActionMask = 2147483647;
			files = (
				0A3CB1B61D30B80600B608AC /* main.m in Sources */,
				0A3CB1BE1D30B90200B608AC /* Bubblesort.m in Sources */,
			);
			runOnlyForDeploymentPostprocessing = 0;
		};
/* End PBXSourcesBuildPhase section */

/* Begin XCBuildConfiguration section */
		0A3CB1B71D30B80600B608AC /* Debug */ = {
			isa = XCBuildConfiguration;
			buildSettings = {
				ALWAYS_SEARCH_USER_PATHS = NO;
				CLANG_CXX_LANGUAGE_STANDARD = "gnu++0x";
				CLANG_CXX_LIBRARY = "libc++";
				CLANG_ENABLE_MODULES = YES;
				CLANG_ENABLE_OBJC_ARC = YES;
				CLANG_WARN_BOOL_CONVERSION = YES;
				CLANG_WARN_CONSTANT_CONVERSION = YES;
				CLANG_WARN_DIRECT_OBJC_ISA_USAGE = YES_ERROR;
				CLANG_WARN_EMPTY_BODY = YES;
				CLANG_WARN_ENUM_CONVERSION = YES;
				CLANG_WARN_INT_CONVERSION = YES;
				CLANG_WARN_OBJC_ROOT_CLASS = YES_ERROR;
				CLANG_WARN_UNREACHABLE_CODE = YES;
				CLANG_WARN__DUPLICATE_METHOD_MATCH = YES;
				CODE_SIGN_IDENTITY = "-";
				COPY_PHASE_STRIP = NO;
				DEBUG_INFORMATION_FORMAT = dwarf;
				ENABLE_STRICT_OBJC_MSGSEND = YES;
				ENABLE_TESTABILITY = YES;
				GCC_C_LANGUAGE_STANDARD = gnu99;
				GCC_DYNAMIC_NO_PIC = NO;
				GCC_NO_COMMON_BLOCKS = YES;
				GCC_OPTIMIZATION_LEVEL = 0;
				GCC_PREPROCESSOR_DEFINITIONS = (
					"DEBUG=1",
					"$(inherited)",
				);
				GCC_WARN_64_TO_32_BIT_CONVERSION = YES;
				GCC_WARN_ABOUT_RETURN_TYPE = YES_ERROR;
				GCC_WARN_UNDECLARED_SELECTOR = YES;
				GCC_WARN_UNINITIALIZED_AUTOS = YES_AGGRESSIVE;
				GCC_WARN_UNUSED_FUNCTION = YES;
				GCC_WARN_UNUSED_VARIABLE = YES;
				MACOSX_DEPLOYMENT_TARGET = 10.11;
				MTL_ENABLE_DEBUG_INFO = YES;
				ONLY_ACTIVE_ARCH = YES;
				SDKROOT = macosx;
			};
			name = Debug;
		};
		0A3CB1B81D30B80600B608AC /* Release */ = {
			isa = XCBuildConfiguration;
			buildSettings = {
				ALWAYS_SEARCH_USER_PATHS = NO;
				CLANG_CXX_LANGUAGE_STANDARD = "gnu++0x";
				CLANG_CXX_LIBRARY = "libc++";
				CLANG_ENABLE_MODULES = YES;
				CLANG_ENABLE_OBJC_ARC = YES;
				CLANG_WARN_BOOL_CONVERSION = YES;
				CLANG_WARN_CONSTANT_CONVERSION = YES;
				CLANG_WARN_DIRECT_OBJC_ISA_USAGE = YES_ERROR;
				CLANG_WARN_EMPTY_BODY = YES;
				CLANG_WARN_ENUM_CONVERSION = YES;
				CLANG_WARN_INT_CONVERSION = YES;
				CLANG_WARN_OBJC_ROOT_CLASS = YES_ERROR;
				CLANG_WARN_UNREACHABLE_CODE = YES;
				CLANG_WARN__DUPLICATE_METHOD_MATCH = YES;
				CODE_SIGN_IDENTITY = "-";
				COPY_PHASE_STRIP = NO;
				DEBUG_INFORMATION_FORMAT = "dwarf-with-dsym";
				ENABLE_NS_ASSERTIONS = NO;
				ENABLE_STRICT_OBJC_MSGSEND = YES;
				GCC_C_LANGUAGE_STANDARD = gnu99;
				GCC_NO_COMMON_BLOCKS = YES;
				GCC_WARN_64_TO_32_BIT_CONVERSION = YES;
				GCC_WARN_ABOUT_RETURN_TYPE = YES_ERROR;
				GCC_WARN_UNDECLARED_SELECTOR = YES;
				GCC_WARN_UNINITIALIZED_AUTOS = YES_AGGRESSIVE;
				GCC_WARN_UNUSED_FUNCTION = YES;
				GCC_WARN_UNUSED_VARIABLE = YES;
				MACOSX_DEPLOYMENT_TARGET = 10.11;
				MTL_ENABLE_DEBUG_INFO = NO;
				SDKROOT = macosx;
			};
			name = Release;
		};
		0A3CB1BA1D30B80600B608AC /* Debug */ = {
			isa = XCBuildConfiguration;
			buildSettings = {
				PRODUCT_NAME = "$(TARGET_NAME)";
			};
			name = Debug;
		};
		0A3CB1BB1D30B80600B608AC /* Release */ = {
			isa = XCBuildConfiguration;
			buildSettings = {
				PRODUCT_NAME = "$(TARGET_NAME)";
			};
			name = Release;
		};
/* End XCBuildConfiguration section */

/* Begin XCConfigurationList section */
		0A3CB1AD1D30B80600B608AC /* Build configuration list for PBXProject "Bubblesort" */ = {
			isa = XCConfigurationList;
			buildConfigurations = (
				0A3CB1B71D30B80600B608AC /* Debug */,
				0A3CB1B81D30B80600B608AC /* Release */,
			);
			defaultConfigurationIsVisible = 0;
			defaultConfigurationName = Release;
		};
		0A3CB1B91D30B80600B608AC /* Build configuration list for PBXNativeTarget "Bubblesort" */ = {
			isa = XCConfigurationList;
			buildConfigurations = (
				0A3CB1BA1D30B80600B608AC /* Debug */,
				0A3CB1BB1D30B80600B608AC /* Release */,
			);
			defaultConfigurationIsVisible = 0;
		};
/* End XCConfigurationList section */
	};
	rootObject = 0A3CB1AA1D30B80600B608AC /* Project object */;
}
