// !$*UTF8*$!
{
	archiveVersion = 1;
	classes = {
	};
	objectVersion = 46;
	objects = {

/* Begin PBXBuildFile section */
		0A2D3ACD1D3890AC00606F79 /* main.m in Sources */ = {isa = PBXBuildFile; fileRef = 0A2D3ACC1D3890AC00606F79 /* main.m */; };
		0A2D3AD51D38910000606F79 /* LinklistExample.m in Sources */ = {isa = PBXBuildFile; fileRef = 0A2D3AD41D38910000606F79 /* LinklistExample.m */; };
/* End PBXBuildFile section */

/* Begin PBXCopyFilesBuildPhase section */
		0A2D3AC71D3890AC00606F79 /* CopyFiles */ = {
			isa = PBXCopyFilesBuildPhase;
			buildActionMask = 2147483647;
			dstPath = /usr/share/man/man1/;
			dstSubfolderSpec = 0;
			files = (
			);
			runOnlyForDeploymentPostprocessing = 1;
		};
/* End PBXCopyFilesBuildPhase section */

/* Begin PBXFileReference section */
		0A2D3AC91D3890AC00606F79 /* LinklistExample */ = {isa = PBXFileReference; explicitFileType = "compiled.mach-o.executable"; includeInIndex = 0; path = LinklistExample; sourceTree = BUILT_PRODUCTS_DIR; };
		0A2D3ACC1D3890AC00606F79 /* main.m */ = {isa = PBXFileReference; lastKnownFileType = sourcecode.c.objc; path = main.m; sourceTree = "<group>"; };
		0A2D3AD31D38910000606F79 /* LinklistExample.h */ = {isa = PBXFileReference; fileEncoding = 4; lastKnownFileType = sourcecode.c.h; path = LinklistExample.h; sourceTree = "<group>"; };
		0A2D3AD41D38910000606F79 /* LinklistExample.m */ = {isa = PBXFileReference; fileEncoding = 4; lastKnownFileType = sourcecode.c.objc; path = LinklistExample.m; sourceTree = "<group>"; };
/* End PBXFileReference section */

/* Begin PBXFrameworksBuildPhase section */
		0A2D3AC61D3890AC00606F79 /* Frameworks */ = {
			isa = PBXFrameworksBuildPhase;
			buildActionMask = 2147483647;
			files = (
			);
			runOnlyForDeploymentPostprocessing = 0;
		};
/* End PBXFrameworksBuildPhase section */

/* Begin PBXGroup section */
		0A2D3AC01D3890AC00606F79 = {
			isa = PBXGroup;
			children = (
				0A2D3ACB1D3890AC00606F79 /* LinklistExample */,
				0A2D3ACA1D3890AC00606F79 /* Products */,
			);
			sourceTree = "<group>";
		};
		0A2D3ACA1D3890AC00606F79 /* Products */ = {
			isa = PBXGroup;
			children = (
				0A2D3AC91D3890AC00606F79 /* LinklistExample */,
			);
			name = Products;
			sourceTree = "<group>";
		};
		0A2D3ACB1D3890AC00606F79 /* LinklistExample */ = {
			isa = PBXGroup;
			children = (
				0A2D3ACC1D3890AC00606F79 /* main.m */,
				0A2D3AD31D38910000606F79 /* LinklistExample.h */,
				0A2D3AD41D38910000606F79 /* LinklistExample.m */,
			);
			path = LinklistExample;
			sourceTree = "<group>";
		};
/* End PBXGroup section */

/* Begin PBXNativeTarget section */
		0A2D3AC81D3890AC00606F79 /* LinklistExample */ = {
			isa = PBXNativeTarget;
			buildConfigurationList = 0A2D3AD01D3890AC00606F79 /* Build configuration list for PBXNativeTarget "LinklistExample" */;
			buildPhases = (
				0A2D3AC51D3890AC00606F79 /* Sources */,
				0A2D3AC61D3890AC00606F79 /* Frameworks */,
				0A2D3AC71D3890AC00606F79 /* CopyFiles */,
			);
			buildRules = (
			);
			dependencies = (
			);
			name = LinklistExample;
			productName = LinklistExample;
			productReference = 0A2D3AC91D3890AC00606F79 /* LinklistExample */;
			productType = "com.apple.product-type.tool";
		};
/* End PBXNativeTarget section */

/* Begin PBXProject section */
		0A2D3AC11D3890AC00606F79 /* Project object */ = {
			isa = PBXProject;
			attributes = {
				LastUpgradeCheck = 0720;
				ORGANIZATIONNAME = com.bridgeLabz;
				TargetAttributes = {
					0A2D3AC81D3890AC00606F79 = {
						CreatedOnToolsVersion = 7.2;
					};
				};
			};
			buildConfigurationList = 0A2D3AC41D3890AC00606F79 /* Build configuration list for PBXProject "LinklistExample" */;
			compatibilityVersion = "Xcode 3.2";
			developmentRegion = English;
			hasScannedForEncodings = 0;
			knownRegions = (
				en,
			);
			mainGroup = 0A2D3AC01D3890AC00606F79;
			productRefGroup = 0A2D3ACA1D3890AC00606F79 /* Products */;
			projectDirPath = "";
			projectRoot = "";
			targets = (
				0A2D3AC81D3890AC00606F79 /* LinklistExample */,
			);
		};
/* End PBXProject section */

/* Begin PBXSourcesBuildPhase section */
		0A2D3AC51D3890AC00606F79 /* Sources */ = {
			isa = PBXSourcesBuildPhase;
			buildActionMask = 2147483647;
			files = (
				0A2D3AD51D38910000606F79 /* LinklistExample.m in Sources */,
				0A2D3ACD1D3890AC00606F79 /* main.m in Sources */,
			);
			runOnlyForDeploymentPostprocessing = 0;
		};
/* End PBXSourcesBuildPhase section */

/* Begin XCBuildConfiguration section */
		0A2D3ACE1D3890AC00606F79 /* Debug */ = {
			isa = XCBuildConfiguration;
			buildSettings = {
				ALWAYS_SEARCH_USER_PATHS = NO;
				CLANG_CXX_LANGUAGE_STANDARD = "gnu++0x";
				CLANG_CXX_LIBRARY = "libc++";
				CLANG_ENABLE_MODULES = YES;
				CLANG_ENABLE_OBJC_ARC = YES;
				CLANG_WARN_BOOL_CONVERSION = YES;
				CLANG_WARN_CONSTANT_CONVERSION = YES;
				CLANG_WARN_DIRECT_OBJC_ISA_USAGE = YES_ERROR;
				CLANG_WARN_EMPTY_BODY = YES;
				CLANG_WARN_ENUM_CONVERSION = YES;
				CLANG_WARN_INT_CONVERSION = YES;
				CLANG_WARN_OBJC_ROOT_CLASS = YES_ERROR;
				CLANG_WARN_UNREACHABLE_CODE = YES;
				CLANG_WARN__DUPLICATE_METHOD_MATCH = YES;
				CODE_SIGN_IDENTITY = "-";
				COPY_PHASE_STRIP = NO;
				DEBUG_INFORMATION_FORMAT = dwarf;
				ENABLE_STRICT_OBJC_MSGSEND = YES;
				ENABLE_TESTABILITY = YES;
				GCC_C_LANGUAGE_STANDARD = gnu99;
				GCC_DYNAMIC_NO_PIC = NO;
				GCC_NO_COMMON_BLOCKS = YES;
				GCC_OPTIMIZATION_LEVEL = 0;
				GCC_PREPROCESSOR_DEFINITIONS = (
					"DEBUG=1",
					"$(inherited)",
				);
				GCC_WARN_64_TO_32_BIT_CONVERSION = YES;
				GCC_WARN_ABOUT_RETURN_TYPE = YES_ERROR;
				GCC_WARN_UNDECLARED_SELECTOR = YES;
				GCC_WARN_UNINITIALIZED_AUTOS = YES_AGGRESSIVE;
				GCC_WARN_UNUSED_FUNCTION = YES;
				GCC_WARN_UNUSED_VARIABLE = YES;
				MACOSX_DEPLOYMENT_TARGET = 10.11;
				MTL_ENABLE_DEBUG_INFO = YES;
				ONLY_ACTIVE_ARCH = YES;
				SDKROOT = macosx;
			};
			name = Debug;
		};
		0A2D3ACF1D3890AC00606F79 /* Release */ = {
			isa = XCBuildConfiguration;
			buildSettings = {
				ALWAYS_SEARCH_USER_PATHS = NO;
				CLANG_CXX_LANGUAGE_STANDARD = "gnu++0x";
				CLANG_CXX_LIBRARY = "libc++";
				CLANG_ENABLE_MODULES = YES;
				CLANG_ENABLE_OBJC_ARC = YES;
				CLANG_WARN_BOOL_CONVERSION = YES;
				CLANG_WARN_CONSTANT_CONVERSION = YES;
				CLANG_WARN_DIRECT_OBJC_ISA_USAGE = YES_ERROR;
				CLANG_WARN_EMPTY_BODY = YES;
				CLANG_WARN_ENUM_CONVERSION = YES;
				CLANG_WARN_INT_CONVERSION = YES;
				CLANG_WARN_OBJC_ROOT_CLASS = YES_ERROR;
				CLANG_WARN_UNREACHABLE_CODE = YES;
				CLANG_WARN__DUPLICATE_METHOD_MATCH = YES;
				CODE_SIGN_IDENTITY = "-";
				COPY_PHASE_STRIP = NO;
				DEBUG_INFORMATION_FORMAT = "dwarf-with-dsym";
				ENABLE_NS_ASSERTIONS = NO;
				ENABLE_STRICT_OBJC_MSGSEND = YES;
				ENABLE_TESTABILITY = YES;
				GCC_C_LANGUAGE_STANDARD = gnu99;
				GCC_NO_COMMON_BLOCKS = YES;
				GCC_WARN_64_TO_32_BIT_CONVERSION = YES;
				GCC_WARN_ABOUT_RETURN_TYPE = YES_ERROR;
				GCC_WARN_UNDECLARED_SELECTOR = YES;
				GCC_WARN_UNINITIALIZED_AUTOS = YES_AGGRESSIVE;
				GCC_WARN_UNUSED_FUNCTION = YES;
				GCC_WARN_UNUSED_VARIABLE = YES;
				MACOSX_DEPLOYMENT_TARGET = 10.11;
				MTL_ENABLE_DEBUG_INFO = NO;
				ONLY_ACTIVE_ARCH = YES;
				SDKROOT = macosx;
			};
			name = Release;
		};
		0A2D3AD11D3890AC00606F79 /* Debug */ = {
			isa = XCBuildConfiguration;
			buildSettings = {
				CLANG_ENABLE_OBJC_ARC = NO;
				PRODUCT_NAME = "$(TARGET_NAME)";
			};
			name = Debug;
		};
		0A2D3AD21D3890AC00606F79 /* Release */ = {
			isa = XCBuildConfiguration;
			buildSettings = {
				CLANG_ENABLE_OBJC_ARC = NO;
				PRODUCT_NAME = "$(TARGET_NAME)";
			};
			name = Release;
		};
/* End XCBuildConfiguration section */

/* Begin XCConfigurationList section */
		0A2D3AC41D3890AC00606F79 /* Build configuration list for PBXProject "LinklistExample" */ = {
			isa = XCConfigurationList;
			buildConfigurations = (
				0A2D3ACE1D3890AC00606F79 /* Debug */,
				0A2D3ACF1D3890AC00606F79 /* Release */,
			);
			defaultConfigurationIsVisible = 0;
			defaultConfigurationName = Release;
		};
		0A2D3AD01D3890AC00606F79 /* Build configuration list for PBXNativeTarget "LinklistExample" */ = {
			isa = XCConfigurationList;
			buildConfigurations = (
				0A2D3AD11D3890AC00606F79 /* Debug */,
				0A2D3AD21D3890AC00606F79 /* Release */,
			);
			defaultConfigurationIsVisible = 0;
		};
/* End XCConfigurationList section */
	};
	rootObject = 0A2D3AC11D3890AC00606F79 /* Project object */;
}
